
Microsoft Visual Studio Solution File, Format Version 12.00
# Visual Studio Version 17
VisualStudioVersion = 17.14.36221.1 d17.14
MinimumVisualStudioVersion = 10.0.40219.1
Project("{FAE04EC0-301F-11D3-BF4B-00C04F79EFBC}") = "TravelBookingSystem2", "TravelBookingSystem2.csproj", "{AC3C7ACB-C618-4E66-B381-53BEF13724A3}"
EndProject
Global
	GlobalSection(SolutionConfigurationPlatforms) = preSolution
		Debug|Any CPU = Debug|Any CPU
		Release|Any CPU = Release|Any CPU
	EndGlobalSection
	GlobalSection(ProjectConfigurationPlatforms) = postSolution
		{AC3C7ACB-C618-4E66-B381-53BEF13724A3}.Debug|Any CPU.ActiveCfg = Debug|Any CPU
		{AC3C7ACB-C618-4E66-B381-53BEF13724A3}.Debug|Any CPU.Build.0 = Debug|Any CPU
		{AC3C7ACB-C618-4E66-B381-53BEF13724A3}.Release|Any CPU.ActiveCfg = Release|Any CPU
		{AC3C7ACB-C618-4E66-B381-53BEF13724A3}.Release|Any CPU.Build.0 = Release|Any CPU
	EndGlobalSection
	GlobalSection(SolutionProperties) = preSolution
		HideSolutionNode = FALSE
	EndGlobalSection
	GlobalSection(ExtensibilityGlobals) = postSolution
		SolutionGuid = {DF0B7F31-32AF-4F6C-A5E0-CA09A2023D30}
	EndGlobalSection
EndGlobal
